PODS:
  - AppAuth (1.5.0):
    - AppAuth/Core (= 1.5.0)
    - AppAuth/ExternalUserAgent (= 1.5.0)
  - AppAuth/Core (1.5.0)
  - AppAuth/ExternalUserAgent (1.5.0):
    - AppAuth/Core
  - connectivity_plus (0.0.1):
    - Flutter
    - ReachabilitySwift
  - FBAEMKit (14.0.0):
    - FBSDKCoreKit_Basics (= 14.0.0)
  - FBSDKCoreKit (14.0.0):
    - FBAEMKit (= 14.0.0)
    - FBSDKCoreKit_Basics (= 14.0.0)
  - FBSDKCoreKit_Basics (14.0.0)
  - FBSDKLoginKit (14.0.0):
    - FBSDKCoreKit (= 14.0.0)
  - Firebase/CoreOnly (8.15.0):
    - FirebaseCore (= 8.15.0)
  - Firebase/Messaging (8.15.0):
    - Firebase/CoreOnly
    - FirebaseMessaging (~> 8.15.0)
  - firebase_core (1.18.0):
    - Firebase/CoreOnly (= 8.15.0)
    - Flutter
  - firebase_messaging (11.4.2):
    - Firebase/Messaging (= 8.15.0)
    - firebase_core
    - Flutter
  - FirebaseCore (8.15.0):
    - FirebaseCoreDiagnostics (~> 8.0)
    - GoogleUtilities/Environment (~> 7.7)
    - GoogleUtilities/Logger (~> 7.7)
  - FirebaseCoreDiagnostics (8.15.0):
    - GoogleDataTransport (~> 9.1)
    - GoogleUtilities/Environment (~> 7.7)
    - GoogleUtilities/Logger (~> 7.7)
    - nanopb (~> 2.30908.0)
  - FirebaseInstallations (8.15.0):
    - FirebaseCore (~> 8.0)
    - GoogleUtilities/Environment (~> 7.7)
    - GoogleUtilities/UserDefaults (~> 7.7)
    - PromisesObjC (< 3.0, >= 1.2)
  - FirebaseMessaging (8.15.0):
    - FirebaseCore (~> 8.0)
    - FirebaseInstallations (~> 8.0)
    - GoogleDataTransport (~> 9.1)
    - GoogleUtilities/AppDelegateSwizzler (~> 7.7)
    - GoogleUtilities/Environment (~> 7.7)
    - GoogleUtilities/Reachability (~> 7.7)
    - GoogleUtilities/UserDefaults (~> 7.7)
    - nanopb (~> 2.30908.0)
  - Flutter (1.0.0)
  - flutter_local_notifications (0.0.1):
    - Flutter
  - flutter_login_facebook (1.5.0):
    - FBSDKLoginKit (= 14.0.0)
    - Flutter
  - google_sign_in_ios (0.0.1):
    - Flutter
    - GoogleSignIn (~> 6.2)
  - GoogleDataTransport (9.1.4):
    - GoogleUtilities/Environment (~> 7.7)
    - nanopb (< 2.30910.0, >= 2.30908.0)
    - PromisesObjC (< 3.0, >= 1.2)
  - GoogleSignIn (6.2.2):
    - AppAuth (~> 1.5)
    - GTMAppAuth (~> 1.3)
    - GTMSessionFetcher/Core (~> 1.1)
  - GoogleUtilities/AppDelegateSwizzler (7.7.0):
    - GoogleUtilities/Environment
    - GoogleUtilities/Logger
    - GoogleUtilities/Network
  - GoogleUtilities/Environment (7.7.0):
    - PromisesObjC (< 3.0, >= 1.2)
  - GoogleUtilities/Logger (7.7.0):
    - GoogleUtilities/Environment
  - GoogleUtilities/Network (7.7.0):
    - GoogleUtilities/Logger
    - "GoogleUtilities/NSData+zlib"
    - GoogleUtilities/Reachability
  - "GoogleUtilities/NSData+zlib (7.7.0)"
  - GoogleUtilities/Reachability (7.7.0):
    - GoogleUtilities/Logger
  - GoogleUtilities/UserDefaults (7.7.0):
    - GoogleUtilities/Logger
  - GTMAppAuth (1.3.0):
    - AppAuth/Core (~> 1.4)
    - GTMSessionFetcher/Core (~> 1.5)
  - GTMSessionFetcher/Core (1.7.2)
  - image_cropper (0.0.4):
    - Flutter
    - TOCropViewController (~> 2.6.1)
  - image_picker_ios (0.0.1):
    - Flutter
  - modal_progress_hud_nsn (0.0.1):
    - Flutter
  - nanopb (2.30908.0):
    - nanopb/decode (= 2.30908.0)
    - nanopb/encode (= 2.30908.0)
  - nanopb/decode (2.30908.0)
  - nanopb/encode (2.30908.0)
  - path_provider_ios (0.0.1):
    - Flutter
  - permission_handler_apple (9.0.4):
    - Flutter
  - PromisesObjC (2.1.0)
  - ReachabilitySwift (5.0.0)
  - shared_preferences_ios (0.0.1):
    - Flutter
  - sign_in_with_apple (0.0.1):
    - Flutter
  - Stripe (22.4.0):
    - Stripe/Stripe3DS2 (= 22.4.0)
    - StripeApplePay (= 22.4.0)
    - StripeCore (= 22.4.0)
    - StripeUICore (= 22.4.0)
  - Stripe/Stripe3DS2 (22.4.0):
    - StripeApplePay (= 22.4.0)
    - StripeCore (= 22.4.0)
    - StripeUICore (= 22.4.0)
  - stripe_ios (0.0.1):
    - Flutter
    - Stripe (~> 22.4.0)
    - StripeFinancialConnections (~> 22.4.0)
  - StripeApplePay (22.4.0):
    - StripeCore (= 22.4.0)
  - StripeCore (22.4.0)
  - StripeFinancialConnections (22.4.0):
    - StripeCore (= 22.4.0)
    - StripeUICore (= 22.4.0)
  - StripeUICore (22.4.0):
    - StripeCore (= 22.4.0)
  - TOCropViewController (2.6.1)
  - webview_flutter_wkwebview (0.0.1):
    - Flutter

DEPENDENCIES:
  - connectivity_plus (from `.symlinks/plugins/connectivity_plus/ios`)
  - firebase_core (from `.symlinks/plugins/firebase_core/ios`)
  - firebase_messaging (from `.symlinks/plugins/firebase_messaging/ios`)
  - Flutter (from `Flutter`)
  - flutter_local_notifications (from `.symlinks/plugins/flutter_local_notifications/ios`)
  - flutter_login_facebook (from `.symlinks/plugins/flutter_login_facebook/ios`)
  - google_sign_in_ios (from `.symlinks/plugins/google_sign_in_ios/ios`)
  - image_cropper (from `.symlinks/plugins/image_cropper/ios`)
  - image_picker_ios (from `.symlinks/plugins/image_picker_ios/ios`)
  - modal_progress_hud_nsn (from `.symlinks/plugins/modal_progress_hud_nsn/ios`)
  - path_provider_ios (from `.symlinks/plugins/path_provider_ios/ios`)
  - permission_handler_apple (from `.symlinks/plugins/permission_handler_apple/ios`)
  - shared_preferences_ios (from `.symlinks/plugins/shared_preferences_ios/ios`)
  - sign_in_with_apple (from `.symlinks/plugins/sign_in_with_apple/ios`)
  - stripe_ios (from `.symlinks/plugins/stripe_ios/ios`)
  - webview_flutter_wkwebview (from `.symlinks/plugins/webview_flutter_wkwebview/ios`)

SPEC REPOS:
  trunk:
    - AppAuth
    - FBAEMKit
    - FBSDKCoreKit
    - FBSDKCoreKit_Basics
    - FBSDKLoginKit
    - Firebase
    - FirebaseCore
    - FirebaseCoreDiagnostics
    - FirebaseInstallations
    - FirebaseMessaging
    - GoogleDataTransport
    - GoogleSignIn
    - GoogleUtilities
    - GTMAppAuth
    - GTMSessionFetcher
    - nanopb
    - PromisesObjC
    - ReachabilitySwift
    - Stripe
    - StripeApplePay
    - StripeCore
    - StripeFinancialConnections
    - StripeUICore
    - TOCropViewController

EXTERNAL SOURCES:
  connectivity_plus:
    :path: ".symlinks/plugins/connectivity_plus/ios"
  firebase_core:
    :path: ".symlinks/plugins/firebase_core/ios"
  firebase_messaging:
    :path: ".symlinks/plugins/firebase_messaging/ios"
  Flutter:
    :path: Flutter
  flutter_local_notifications:
    :path: ".symlinks/plugins/flutter_local_notifications/ios"
  flutter_login_facebook:
    :path: ".symlinks/plugins/flutter_login_facebook/ios"
  google_sign_in_ios:
    :path: ".symlinks/plugins/google_sign_in_ios/ios"
  image_cropper:
    :path: ".symlinks/plugins/image_cropper/ios"
  image_picker_ios:
    :path: ".symlinks/plugins/image_picker_ios/ios"
  modal_progress_hud_nsn:
    :path: ".symlinks/plugins/modal_progress_hud_nsn/ios"
  path_provider_ios:
    :path: ".symlinks/plugins/path_provider_ios/ios"
  permission_handler_apple:
    :path: ".symlinks/plugins/permission_handler_apple/ios"
  shared_preferences_ios:
    :path: ".symlinks/plugins/shared_preferences_ios/ios"
  sign_in_with_apple:
    :path: ".symlinks/plugins/sign_in_with_apple/ios"
  stripe_ios:
    :path: ".symlinks/plugins/stripe_ios/ios"
  webview_flutter_wkwebview:
    :path: ".symlinks/plugins/webview_flutter_wkwebview/ios"

SPEC CHECKSUMS:
  AppAuth: 80317d99ac7ff2801a2f18ff86b48cd315ed465d
  connectivity_plus: 413a8857dd5d9f1c399a39130850d02fe0feaf7e
  FBAEMKit: d00064597439e75885c70d9adbcb5f3e9ad84f5d
  FBSDKCoreKit: e5d3acfffe5063a9d0b967ba2ad1f5afc460cf43
  FBSDKCoreKit_Basics: 1ff46a12e80f0b66e6c00e1ef32d6a5b5b9008a5
  FBSDKLoginKit: dbe86ef42ab142f3bd0f1c904a21bb33f31c5569
  Firebase: 5f8193dff4b5b7c5d5ef72ae54bb76c08e2b841d
  firebase_core: b14c1cfa29b9eb316345f74d1489328283825d6d
  firebase_messaging: 5374d57b2ca7a5efe1a150500b9a2451ca9ff5af
  FirebaseCore: 5743c5785c074a794d35f2fff7ecc254a91e08b1
  FirebaseCoreDiagnostics: 92e07a649aeb66352b319d43bdd2ee3942af84cb
  FirebaseInstallations: 40bd9054049b2eae9a2c38ef1c3dd213df3605cd
  FirebaseMessaging: 5e5118a2383b3531e730d974680954c679ca0a13
  Flutter: 50d75fe2f02b26cc09d224853bb45737f8b3214a
  flutter_local_notifications: 0c0b1ae97e741e1521e4c1629a459d04b9aec743
  flutter_login_facebook: 81cb3f8c7be925a28d544ae73574f0e71f41894a
  google_sign_in_ios: 90eec6616c4c2105b9f9fe5c774773d13565b504
  GoogleDataTransport: 5fffe35792f8b96ec8d6775f5eccd83c998d5a3b
  GoogleSignIn: 3c68388ac221f379676e8f1cb115df3aaf73b93f
  GoogleUtilities: e0913149f6b0625b553d70dae12b49fc62914fd1
  GTMAppAuth: 4d8f864896f3646f0c33baf38a28362f4c601e15
  GTMSessionFetcher: 5595ec75acf5be50814f81e9189490412bad82ba
  image_cropper: 60c2789d1f1a78c873235d4319ca0c34a69f2d98
  image_picker_ios: b786a5dcf033a8336a657191401bfdf12017dabb
  modal_progress_hud_nsn: f6fb744cd060653d66ed8f325360ef3650eb2fde
  nanopb: a0ba3315591a9ae0a16a309ee504766e90db0c96
  path_provider_ios: 14f3d2fd28c4fdb42f44e0f751d12861c43cee02
  permission_handler_apple: 44366e37eaf29454a1e7b1b7d736c2cceaeb17ce
  PromisesObjC: 99b6f43f9e1044bd87a95a60beff28c2c44ddb72
  ReachabilitySwift: 985039c6f7b23a1da463388634119492ff86c825
  shared_preferences_ios: 548a61f8053b9b8a49ac19c1ffbc8b92c50d68ad
  sign_in_with_apple: f3bf75217ea4c2c8b91823f225d70230119b8440
  Stripe: a925dfa9a7e51aa8f782f428abc10cb828b45a85
  stripe_ios: ba9cf4ad304acf74500b0a2cdd46b519173388c6
  StripeApplePay: 369857bafe8baf02e31b47478db1574febd2a2f3
  StripeCore: a94d2823817c97c79fce60884ab9027a2da798c1
  StripeFinancialConnections: 269658b79f639c2d6b7d513235d469418b04c2dd
  StripeUICore: a8e24a6c91a5c99075c7a490d45695fb912876e8
  TOCropViewController: edfd4f25713d56905ad1e0b9f5be3fbe0f59c863
  webview_flutter_wkwebview: b7e70ef1ddded7e69c796c7390ee74180182971f

PODFILE CHECKSUM: 4e8f8b2be68aeea4c0d5beb6ff1e79fface1d048

COCOAPODS: 1.11.3
